// !$*UTF8*$!
{
	archiveVersion = 1;
	classes = {
	};
	objectVersion = 56;
	objects = {

/* Begin PBXBuildFile section */
		413B34B52C836DBA00F54468 /* ActivitySelectionView.swift in Sources */ = {isa = PBXBuildFile; fileRef = 413B34B42C836DBA00F54468 /* ActivitySelectionView.swift */; };
		4159E4512C773E55006F2A14 /* PhysicalInputView.swift in Sources */ = {isa = PBXBuildFile; fileRef = 4159E4502C773E55006F2A14 /* PhysicalInputView.swift */; };
		417C73DD2C89F6CC00D6EBF8 /* SplashView.swift in Sources */ = {isa = PBXBuildFile; fileRef = 417C73DC2C89F6CC00D6EBF8 /* SplashView.swift */; };
		418605C22C5D361800505E27 /* CalLogApp.swift in Sources */ = {isa = PBXBuildFile; fileRef = 418605C12C5D361800505E27 /* CalLogApp.swift */; };
		418605C42C5D361800505E27 /* ContentView.swift in Sources */ = {isa = PBXBuildFile; fileRef = 418605C32C5D361800505E27 /* ContentView.swift */; };
		418605C62C5D361900505E27 /* Assets.xcassets in Resources */ = {isa = PBXBuildFile; fileRef = 418605C52C5D361900505E27 /* Assets.xcassets */; };
		418605C92C5D361900505E27 /* Preview Assets.xcassets in Resources */ = {isa = PBXBuildFile; fileRef = 418605C82C5D361900505E27 /* Preview Assets.xcassets */; };
		4198181D2C5E3C4200ABFC43 /* HomeView.swift in Sources */ = {isa = PBXBuildFile; fileRef = 4198181C2C5E3C4200ABFC43 /* HomeView.swift */; };
		4198181F2C5E3E1500ABFC43 /* CalorieView.swift in Sources */ = {isa = PBXBuildFile; fileRef = 4198181E2C5E3E1500ABFC43 /* CalorieView.swift */; };
		419818212C5E3E2700ABFC43 /* WeightView.swift in Sources */ = {isa = PBXBuildFile; fileRef = 419818202C5E3E2700ABFC43 /* WeightView.swift */; };
		419818232C5E3E7F00ABFC43 /* ProfileEditView.swift in Sources */ = {isa = PBXBuildFile; fileRef = 419818222C5E3E7F00ABFC43 /* ProfileEditView.swift */; };
		419818252C5E674D00ABFC43 /* MyModel.swift in Sources */ = {isa = PBXBuildFile; fileRef = 419818242C5E674D00ABFC43 /* MyModel.swift */; };
		419818272C5E73AD00ABFC43 /* MeView.swift in Sources */ = {isa = PBXBuildFile; fileRef = 419818262C5E73AD00ABFC43 /* MeView.swift */; };
		419818292C5E73C500ABFC43 /* ProfileView.swift in Sources */ = {isa = PBXBuildFile; fileRef = 419818282C5E73C500ABFC43 /* ProfileView.swift */; };
		41A46E472C7E1BAC00D75392 /* AgeGenderSetupView.swift in Sources */ = {isa = PBXBuildFile; fileRef = 41A46E462C7E1BAC00D75392 /* AgeGenderSetupView.swift */; };
		41D553992C76162500CCD469 /* OnboardingTabView.swift in Sources */ = {isa = PBXBuildFile; fileRef = 41D553982C76162500CCD469 /* OnboardingTabView.swift */; };
		41D5539C2C761BAC00CCD469 /* WelcomeView.swift in Sources */ = {isa = PBXBuildFile; fileRef = 41D5539B2C761BAC00CCD469 /* WelcomeView.swift */; };
/* End PBXBuildFile section */

/* Begin PBXFileReference section */
		413B34B42C836DBA00F54468 /* ActivitySelectionView.swift */ = {isa = PBXFileReference; lastKnownFileType = sourcecode.swift; path = ActivitySelectionView.swift; sourceTree = "<group>"; };
		4159E4502C773E55006F2A14 /* PhysicalInputView.swift */ = {isa = PBXFileReference; lastKnownFileType = sourcecode.swift; path = PhysicalInputView.swift; sourceTree = "<group>"; };
		417C73DC2C89F6CC00D6EBF8 /* SplashView.swift */ = {isa = PBXFileReference; lastKnownFileType = sourcecode.swift; path = SplashView.swift; sourceTree = "<group>"; };
		418605BE2C5D361800505E27 /* CalLog.app */ = {isa = PBXFileReference; explicitFileType = wrapper.application; includeInIndex = 0; path = CalLog.app; sourceTree = BUILT_PRODUCTS_DIR; };
		418605C12C5D361800505E27 /* CalLogApp.swift */ = {isa = PBXFileReference; lastKnownFileType = sourcecode.swift; path = CalLogApp.swift; sourceTree = "<group>"; };
		418605C32C5D361800505E27 /* ContentView.swift */ = {isa = PBXFileReference; lastKnownFileType = sourcecode.swift; path = ContentView.swift; sourceTree = "<group>"; };
		418605C52C5D361900505E27 /* Assets.xcassets */ = {isa = PBXFileReference; lastKnownFileType = folder.assetcatalog; path = Assets.xcassets; sourceTree = "<group>"; };
		418605C82C5D361900505E27 /* Preview Assets.xcassets */ = {isa = PBXFileReference; lastKnownFileType = folder.assetcatalog; path = "Preview Assets.xcassets"; sourceTree = "<group>"; };
		4198181C2C5E3C4200ABFC43 /* HomeView.swift */ = {isa = PBXFileReference; lastKnownFileType = sourcecode.swift; path = HomeView.swift; sourceTree = "<group>"; };
		4198181E2C5E3E1500ABFC43 /* CalorieView.swift */ = {isa = PBXFileReference; lastKnownFileType = sourcecode.swift; path = CalorieView.swift; sourceTree = "<group>"; };
		419818202C5E3E2700ABFC43 /* WeightView.swift */ = {isa = PBXFileReference; lastKnownFileType = sourcecode.swift; path = WeightView.swift; sourceTree = "<group>"; };
		419818222C5E3E7F00ABFC43 /* ProfileEditView.swift */ = {isa = PBXFileReference; lastKnownFileType = sourcecode.swift; path = ProfileEditView.swift; sourceTree = "<group>"; };
		419818242C5E674D00ABFC43 /* MyModel.swift */ = {isa = PBXFileReference; lastKnownFileType = sourcecode.swift; path = MyModel.swift; sourceTree = "<group>"; };
		419818262C5E73AD00ABFC43 /* MeView.swift */ = {isa = PBXFileReference; lastKnownFileType = sourcecode.swift; path = MeView.swift; sourceTree = "<group>"; };
		419818282C5E73C500ABFC43 /* ProfileView.swift */ = {isa = PBXFileReference; lastKnownFileType = sourcecode.swift; path = ProfileView.swift; sourceTree = "<group>"; };
		41A46E462C7E1BAC00D75392 /* AgeGenderSetupView.swift */ = {isa = PBXFileReference; lastKnownFileType = sourcecode.swift; path = AgeGenderSetupView.swift; sourceTree = "<group>"; };
		41D553982C76162500CCD469 /* OnboardingTabView.swift */ = {isa = PBXFileReference; lastKnownFileType = sourcecode.swift; path = OnboardingTabView.swift; sourceTree = "<group>"; };
		41D5539B2C761BAC00CCD469 /* WelcomeView.swift */ = {isa = PBXFileReference; lastKnownFileType = sourcecode.swift; path = WelcomeView.swift; sourceTree = "<group>"; };
/* End PBXFileReference section */

/* Begin PBXFrameworksBuildPhase section */
		418605BB2C5D361800505E27 /* Frameworks */ = {
			isa = PBXFrameworksBuildPhase;
			buildActionMask = 2147483647;
			files = (
			);
			runOnlyForDeploymentPostprocessing = 0;
		};
/* End PBXFrameworksBuildPhase section */

/* Begin PBXGroup section */
		417098932C7323BB0064DC0A /* View */ = {
			isa = PBXGroup;
			children = (
				418605C32C5D361800505E27 /* ContentView.swift */,
				4198181C2C5E3C4200ABFC43 /* HomeView.swift */,
				4198181E2C5E3E1500ABFC43 /* CalorieView.swift */,
				419818202C5E3E2700ABFC43 /* WeightView.swift */,
				419818282C5E73C500ABFC43 /* ProfileView.swift */,
				419818222C5E3E7F00ABFC43 /* ProfileEditView.swift */,
				419818262C5E73AD00ABFC43 /* MeView.swift */,
			);
			path = View;
			sourceTree = "<group>";
		};
		418605B52C5D361800505E27 = {
			isa = PBXGroup;
			children = (
				418605C02C5D361800505E27 /* CalLog */,
				418605BF2C5D361800505E27 /* Products */,
			);
			sourceTree = "<group>";
		};
		418605BF2C5D361800505E27 /* Products */ = {
			isa = PBXGroup;
			children = (
				418605BE2C5D361800505E27 /* CalLog.app */,
			);
			name = Products;
			sourceTree = "<group>";
		};
		418605C02C5D361800505E27 /* CalLog */ = {
			isa = PBXGroup;
			children = (
				418605C12C5D361800505E27 /* CalLogApp.swift */,
				417C73DC2C89F6CC00D6EBF8 /* SplashView.swift */,
				41D5539A2C76163000CCD469 /* Onboarding */,
				417098932C7323BB0064DC0A /* View */,
				419818242C5E674D00ABFC43 /* MyModel.swift */,
				418605C52C5D361900505E27 /* Assets.xcassets */,
				418605C72C5D361900505E27 /* Preview Content */,
			);
			path = CalLog;
			sourceTree = "<group>";
		};
		418605C72C5D361900505E27 /* Preview Content */ = {
			isa = PBXGroup;
			children = (
				418605C82C5D361900505E27 /* Preview Assets.xcassets */,
			);
			path = "Preview Content";
			sourceTree = "<group>";
		};
		41D5539A2C76163000CCD469 /* Onboarding */ = {
			isa = PBXGroup;
			children = (
				41D553982C76162500CCD469 /* OnboardingTabView.swift */,
				41D5539B2C761BAC00CCD469 /* WelcomeView.swift */,
				4159E4502C773E55006F2A14 /* PhysicalInputView.swift */,
				41A46E462C7E1BAC00D75392 /* AgeGenderSetupView.swift */,
				413B34B42C836DBA00F54468 /* ActivitySelectionView.swift */,
			);
			path = Onboarding;
			sourceTree = "<group>";
		};
/* End PBXGroup section */

/* Begin PBXNativeTarget section */
		418605BD2C5D361800505E27 /* CalLog */ = {
			isa = PBXNativeTarget;
			buildConfigurationList = 418605CC2C5D361900505E27 /* Build configuration list for PBXNativeTarget "CalLog" */;
			buildPhases = (
				418605BA2C5D361800505E27 /* Sources */,
				418605BB2C5D361800505E27 /* Frameworks */,
				418605BC2C5D361800505E27 /* Resources */,
			);
			buildRules = (
			);
			dependencies = (
			);
			name = CalLog;
			productName = CalLog;
			productReference = 418605BE2C5D361800505E27 /* CalLog.app */;
			productType = "com.apple.product-type.application";
		};
/* End PBXNativeTarget section */

/* Begin PBXProject section */
		418605B62C5D361800505E27 /* Project object */ = {
			isa = PBXProject;
			attributes = {
				BuildIndependentTargetsInParallel = 1;
				LastSwiftUpdateCheck = 1540;
				LastUpgradeCheck = 1540;
				TargetAttributes = {
					418605BD2C5D361800505E27 = {
						CreatedOnToolsVersion = 15.4;
					};
				};
			};
			buildConfigurationList = 418605B92C5D361800505E27 /* Build configuration list for PBXProject "CalLog" */;
			compatibilityVersion = "Xcode 14.0";
			developmentRegion = en;
			hasScannedForEncodings = 0;
			knownRegions = (
				en,
				Base,
			);
			mainGroup = 418605B52C5D361800505E27;
			productRefGroup = 418605BF2C5D361800505E27 /* Products */;
			projectDirPath = "";
			projectRoot = "";
			targets = (
				418605BD2C5D361800505E27 /* CalLog */,
			);
		};
/* End PBXProject section */

/* Begin PBXResourcesBuildPhase section */
		418605BC2C5D361800505E27 /* Resources */ = {
			isa = PBXResourcesBuildPhase;
			buildActionMask = 2147483647;
			files = (
				418605C92C5D361900505E27 /* Preview Assets.xcassets in Resources */,
				418605C62C5D361900505E27 /* Assets.xcassets in Resources */,
			);
			runOnlyForDeploymentPostprocessing = 0;
		};
/* End PBXResourcesBuildPhase section */

/* Begin PBXSourcesBuildPhase section */
		418605BA2C5D361800505E27 /* Sources */ = {
			isa = PBXSourcesBuildPhase;
			buildActionMask = 2147483647;
			files = (
				419818232C5E3E7F00ABFC43 /* ProfileEditView.swift in Sources */,
				419818292C5E73C500ABFC43 /* ProfileView.swift in Sources */,
				417C73DD2C89F6CC00D6EBF8 /* SplashView.swift in Sources */,
				413B34B52C836DBA00F54468 /* ActivitySelectionView.swift in Sources */,
				419818252C5E674D00ABFC43 /* MyModel.swift in Sources */,
				419818212C5E3E2700ABFC43 /* WeightView.swift in Sources */,
				4198181D2C5E3C4200ABFC43 /* HomeView.swift in Sources */,
				41A46E472C7E1BAC00D75392 /* AgeGenderSetupView.swift in Sources */,
				41D553992C76162500CCD469 /* OnboardingTabView.swift in Sources */,
				41D5539C2C761BAC00CCD469 /* WelcomeView.swift in Sources */,
				419818272C5E73AD00ABFC43 /* MeView.swift in Sources */,
				418605C42C5D361800505E27 /* ContentView.swift in Sources */,
				4198181F2C5E3E1500ABFC43 /* CalorieView.swift in Sources */,
				4159E4512C773E55006F2A14 /* PhysicalInputView.swift in Sources */,
				418605C22C5D361800505E27 /* CalLogApp.swift in Sources */,
			);
			runOnlyForDeploymentPostprocessing = 0;
		};
/* End PBXSourcesBuildPhase section */

/* Begin XCBuildConfiguration section */
		418605CA2C5D361900505E27 /* Debug */ = {
			isa = XCBuildConfiguration;
			buildSettings = {
				ALWAYS_SEARCH_USER_PATHS = NO;
				ASSETCATALOG_COMPILER_GENERATE_SWIFT_ASSET_SYMBOL_EXTENSIONS = YES;
				CLANG_ANALYZER_NONNULL = YES;
				CLANG_ANALYZER_NUMBER_OBJECT_CONVERSION = YES_AGGRESSIVE;
				CLANG_CXX_LANGUAGE_STANDARD = "gnu++20";
				CLANG_ENABLE_MODULES = YES;
				CLANG_ENABLE_OBJC_ARC = YES;
				CLANG_ENABLE_OBJC_WEAK = YES;
				CLANG_WARN_BLOCK_CAPTURE_AUTORELEASING = YES;
				CLANG_WARN_BOOL_CONVERSION = YES;
				CLANG_WARN_COMMA = YES;
				CLANG_WARN_CONSTANT_CONVERSION = YES;
				CLANG_WARN_DEPRECATED_OBJC_IMPLEMENTATIONS = YES;
				CLANG_WARN_DIRECT_OBJC_ISA_USAGE = YES_ERROR;
				CLANG_WARN_DOCUMENTATION_COMMENTS = YES;
				CLANG_WARN_EMPTY_BODY = YES;
				CLANG_WARN_ENUM_CONVERSION = YES;
				CLANG_WARN_INFINITE_RECURSION = YES;
				CLANG_WARN_INT_CONVERSION = YES;
				CLANG_WARN_NON_LITERAL_NULL_CONVERSION = YES;
				CLANG_WARN_OBJC_IMPLICIT_RETAIN_SELF = YES;
				CLANG_WARN_OBJC_LITERAL_CONVERSION = YES;
				CLANG_WARN_OBJC_ROOT_CLASS = YES_ERROR;
				CLANG_WARN_QUOTED_INCLUDE_IN_FRAMEWORK_HEADER = YES;
				CLANG_WARN_RANGE_LOOP_ANALYSIS = YES;
				CLANG_WARN_STRICT_PROTOTYPES = YES;
				CLANG_WARN_SUSPICIOUS_MOVE = YES;
				CLANG_WARN_UNGUARDED_AVAILABILITY = YES_AGGRESSIVE;
				CLANG_WARN_UNREACHABLE_CODE = YES;
				CLANG_WARN__DUPLICATE_METHOD_MATCH = YES;
				COPY_PHASE_STRIP = NO;
				DEBUG_INFORMATION_FORMAT = dwarf;
				ENABLE_STRICT_OBJC_MSGSEND = YES;
				ENABLE_TESTABILITY = YES;
				ENABLE_USER_SCRIPT_SANDBOXING = YES;
				GCC_C_LANGUAGE_STANDARD = gnu17;
				GCC_DYNAMIC_NO_PIC = NO;
				GCC_NO_COMMON_BLOCKS = YES;
				GCC_OPTIMIZATION_LEVEL = 0;
				GCC_PREPROCESSOR_DEFINITIONS = (
					"DEBUG=1",
					"$(inherited)",
				);
				GCC_WARN_64_TO_32_BIT_CONVERSION = YES;
				GCC_WARN_ABOUT_RETURN_TYPE = YES_ERROR;
				GCC_WARN_UNDECLARED_SELECTOR = YES;
				GCC_WARN_UNINITIALIZED_AUTOS = YES_AGGRESSIVE;
				GCC_WARN_UNUSED_FUNCTION = YES;
				GCC_WARN_UNUSED_VARIABLE = YES;
				IPHONEOS_DEPLOYMENT_TARGET = 17.0;
				LOCALIZATION_PREFERS_STRING_CATALOGS = YES;
				MTL_ENABLE_DEBUG_INFO = INCLUDE_SOURCE;
				MTL_FAST_MATH = YES;
				ONLY_ACTIVE_ARCH = YES;
				SDKROOT = iphoneos;
				SWIFT_ACTIVE_COMPILATION_CONDITIONS = "DEBUG $(inherited)";
				SWIFT_OPTIMIZATION_LEVEL = "-Onone";
			};
			name = Debug;
		};
		418605CB2C5D361900505E27 /* Release */ = {
			isa = XCBuildConfiguration;
			buildSettings = {
				ALWAYS_SEARCH_USER_PATHS = NO;
				ASSETCATALOG_COMPILER_GENERATE_SWIFT_ASSET_SYMBOL_EXTENSIONS = YES;
				CLANG_ANALYZER_NONNULL = YES;
				CLANG_ANALYZER_NUMBER_OBJECT_CONVERSION = YES_AGGRESSIVE;
				CLANG_CXX_LANGUAGE_STANDARD = "gnu++20";
				CLANG_ENABLE_MODULES = YES;
				CLANG_ENABLE_OBJC_ARC = YES;
				CLANG_ENABLE_OBJC_WEAK = YES;
				CLANG_WARN_BLOCK_CAPTURE_AUTORELEASING = YES;
				CLANG_WARN_BOOL_CONVERSION = YES;
				CLANG_WARN_COMMA = YES;
				CLANG_WARN_CONSTANT_CONVERSION = YES;
				CLANG_WARN_DEPRECATED_OBJC_IMPLEMENTATIONS = YES;
				CLANG_WARN_DIRECT_OBJC_ISA_USAGE = YES_ERROR;
				CLANG_WARN_DOCUMENTATION_COMMENTS = YES;
				CLANG_WARN_EMPTY_BODY = YES;
				CLANG_WARN_ENUM_CONVERSION = YES;
				CLANG_WARN_INFINITE_RECURSION = YES;
				CLANG_WARN_INT_CONVERSION = YES;
				CLANG_WARN_NON_LITERAL_NULL_CONVERSION = YES;
				CLANG_WARN_OBJC_IMPLICIT_RETAIN_SELF = YES;
				CLANG_WARN_OBJC_LITERAL_CONVERSION = YES;
				CLANG_WARN_OBJC_ROOT_CLASS = YES_ERROR;
				CLANG_WARN_QUOTED_INCLUDE_IN_FRAMEWORK_HEADER = YES;
				CLANG_WARN_RANGE_LOOP_ANALYSIS = YES;
				CLANG_WARN_STRICT_PROTOTYPES = YES;
				CLANG_WARN_SUSPICIOUS_MOVE = YES;
				CLANG_WARN_UNGUARDED_AVAILABILITY = YES_AGGRESSIVE;
				CLANG_WARN_UNREACHABLE_CODE = YES;
				CLANG_WARN__DUPLICATE_METHOD_MATCH = YES;
				COPY_PHASE_STRIP = NO;
				DEBUG_INFORMATION_FORMAT = "dwarf-with-dsym";
				ENABLE_NS_ASSERTIONS = NO;
				ENABLE_STRICT_OBJC_MSGSEND = YES;
				ENABLE_USER_SCRIPT_SANDBOXING = YES;
				GCC_C_LANGUAGE_STANDARD = gnu17;
				GCC_NO_COMMON_BLOCKS = YES;
				GCC_WARN_64_TO_32_BIT_CONVERSION = YES;
				GCC_WARN_ABOUT_RETURN_TYPE = YES_ERROR;
				GCC_WARN_UNDECLARED_SELECTOR = YES;
				GCC_WARN_UNINITIALIZED_AUTOS = YES_AGGRESSIVE;
				GCC_WARN_UNUSED_FUNCTION = YES;
				GCC_WARN_UNUSED_VARIABLE = YES;
				IPHONEOS_DEPLOYMENT_TARGET = 17.0;
				LOCALIZATION_PREFERS_STRING_CATALOGS = YES;
				MTL_ENABLE_DEBUG_INFO = NO;
				MTL_FAST_MATH = YES;
				SDKROOT = iphoneos;
				SWIFT_COMPILATION_MODE = wholemodule;
				VALIDATE_PRODUCT = YES;
			};
			name = Release;
		};
		418605CD2C5D361900505E27 /* Debug */ = {
			isa = XCBuildConfiguration;
			buildSettings = {
				ASSETCATALOG_COMPILER_APPICON_NAME = AppIcon;
				ASSETCATALOG_COMPILER_GLOBAL_ACCENT_COLOR_NAME = AccentColor;
				ASSETCATALOG_COMPILER_INCLUDE_ALL_APPICON_ASSETS = YES;
				CODE_SIGN_STYLE = Automatic;
				CURRENT_PROJECT_VERSION = 1;
				DEVELOPMENT_ASSET_PATHS = "\"CalLog/Preview Content\"";
				DEVELOPMENT_TEAM = BM7N6A3969;
				ENABLE_PREVIEWS = YES;
				GENERATE_INFOPLIST_FILE = YES;
				INFOPLIST_KEY_CFBundleDisplayName = CalLog;
				INFOPLIST_KEY_LSApplicationCategoryType = "public.app-category.healthcare-fitness";
				INFOPLIST_KEY_UIApplicationSceneManifest_Generation = YES;
				INFOPLIST_KEY_UIApplicationSupportsIndirectInputEvents = YES;
				INFOPLIST_KEY_UILaunchScreen_Generation = YES;
				INFOPLIST_KEY_UISupportedInterfaceOrientations = UIInterfaceOrientationPortrait;
				INFOPLIST_KEY_UISupportedInterfaceOrientations_iPad = "UIInterfaceOrientationLandscapeLeft UIInterfaceOrientationLandscapeRight UIInterfaceOrientationPortrait UIInterfaceOrientationPortraitUpsideDown";
				IPHONEOS_DEPLOYMENT_TARGET = 17.0;
				LD_RUNPATH_SEARCH_PATHS = (
					"$(inherited)",
					"@executable_path/Frameworks",
				);
				MARKETING_VERSION = 1.0;
				PRODUCT_BUNDLE_IDENTIFIER = com.shinhyuk.CalLog;
				PRODUCT_NAME = "$(TARGET_NAME)";
				SUPPORTED_PLATFORMS = "iphoneos iphonesimulator";
				SUPPORTS_MACCATALYST = NO;
				SUPPORTS_MAC_DESIGNED_FOR_IPHONE_IPAD = NO;
				SUPPORTS_XR_DESIGNED_FOR_IPHONE_IPAD = NO;
				SWIFT_EMIT_LOC_STRINGS = YES;
				SWIFT_VERSION = 5.0;
				TARGETED_DEVICE_FAMILY = "1,2";
			};
			name = Debug;
		};
		418605CE2C5D361900505E27 /* Release */ = {
			isa = XCBuildConfiguration;
			buildSettings = {
				ASSETCATALOG_COMPILER_APPICON_NAME = AppIcon;
				ASSETCATALOG_COMPILER_GLOBAL_ACCENT_COLOR_NAME = AccentColor;
				ASSETCATALOG_COMPILER_INCLUDE_ALL_APPICON_ASSETS = YES;
				CODE_SIGN_STYLE = Automatic;
				CURRENT_PROJECT_VERSION = 1;
				DEVELOPMENT_ASSET_PATHS = "\"CalLog/Preview Content\"";
				DEVELOPMENT_TEAM = BM7N6A3969;
				ENABLE_PREVIEWS = YES;
				GENERATE_INFOPLIST_FILE = YES;
				INFOPLIST_KEY_CFBundleDisplayName = CalLog;
				INFOPLIST_KEY_LSApplicationCategoryType = "public.app-category.healthcare-fitness";
				INFOPLIST_KEY_UIApplicationSceneManifest_Generation = YES;
				INFOPLIST_KEY_UIApplicationSupportsIndirectInputEvents = YES;
				INFOPLIST_KEY_UILaunchScreen_Generation = YES;
				INFOPLIST_KEY_UISupportedInterfaceOrientations = UIInterfaceOrientationPortrait;
				INFOPLIST_KEY_UISupportedInterfaceOrientations_iPad = "UIInterfaceOrientationLandscapeLeft UIInterfaceOrientationLandscapeRight UIInterfaceOrientationPortrait UIInterfaceOrientationPortraitUpsideDown";
				IPHONEOS_DEPLOYMENT_TARGET = 17.0;
				LD_RUNPATH_SEARCH_PATHS = (
					"$(inherited)",
					"@executable_path/Frameworks",
				);
				MARKETING_VERSION = 1.0;
				PRODUCT_BUNDLE_IDENTIFIER = com.shinhyuk.CalLog;
				PRODUCT_NAME = "$(TARGET_NAME)";
				SUPPORTED_PLATFORMS = "iphoneos iphonesimulator";
				SUPPORTS_MACCATALYST = NO;
				SUPPORTS_MAC_DESIGNED_FOR_IPHONE_IPAD = NO;
				SUPPORTS_XR_DESIGNED_FOR_IPHONE_IPAD = NO;
				SWIFT_EMIT_LOC_STRINGS = YES;
				SWIFT_VERSION = 5.0;
				TARGETED_DEVICE_FAMILY = "1,2";
			};
			name = Release;
		};
/* End XCBuildConfiguration section */

/* Begin XCConfigurationList section */
		418605B92C5D361800505E27 /* Build configuration list for PBXProject "CalLog" */ = {
			isa = XCConfigurationList;
			buildConfigurations = (
				418605CA2C5D361900505E27 /* Debug */,
				418605CB2C5D361900505E27 /* Release */,
			);
			defaultConfigurationIsVisible = 0;
			defaultConfigurationName = Release;
		};
		418605CC2C5D361900505E27 /* Build configuration list for PBXNativeTarget "CalLog" */ = {
			isa = XCConfigurationList;
			buildConfigurations = (
				418605CD2C5D361900505E27 /* Debug */,
				418605CE2C5D361900505E27 /* Release */,
			);
			defaultConfigurationIsVisible = 0;
			defaultConfigurationName = Release;
		};
/* End XCConfigurationList section */
	};
	rootObject = 418605B62C5D361800505E27 /* Project object */;
}
